%{
  "benchee": {:hex, :benchee, "1.0.1", "66b211f9bfd84bd97e6d1beaddf8fc2312aaabe192f776e8931cb0c16f53a521", [:mix], [{:deep_merge, "~> 1.0", [hex: :deep_merge, repo: "hexpm", optional: false]}], "hexpm", "3ad58ae787e9c7c94dd7ceda3b587ec2c64604563e049b2a0e8baafae832addb"},
  "circular_buffer": {:hex, :circular_buffer, "0.4.0", "a51ea76bb03c4a38207934264bcc600018ead966728ca80da731458c5f940f8b", [:mix], [], "hexpm", "c604b19f2101982b63264e2ed90c6fb0fe502540b6af83ce95135ac9b6f2d847"},
  "deep_merge": {:hex, :deep_merge, "1.0.0", "b4aa1a0d1acac393bdf38b2291af38cb1d4a52806cf7a4906f718e1feb5ee961", [:mix], [], "hexpm", "ce708e5f094b9cd4e8f2be4f00d2f4250c4095be93f8cd6d018c753894885430"},
  "dns": {:hex, :dns, "2.3.0", "3e750cf3e229898628a091fa7dca29524294db2962d0fc15696ac3a5cfff2315", [:mix], [{:socket, "~> 0.3.13", [hex: :socket, repo: "hexpm", optional: false]}], "hexpm", "f3f1074409b4ecf6f93379a49fb0aef30a898f3093ea22b5c64a85e9f99ca6f8"},
  "elixir_make": {:hex, :elixir_make, "0.6.2", "7dffacd77dec4c37b39af867cedaabb0b59f6a871f89722c25b28fcd4bd70530", [:mix], [], "hexpm", "03e49eadda22526a7e5279d53321d1cced6552f344ba4e03e619063de75348d9"},
  "font_metrics": {:hex, :font_metrics, "0.3.1", "025ff9957040eb4d6430c306a4445bad5d9f43ec24448c1647df7cb63b5dd88c", [:mix], [{:msgpax, "~> 2.2", [hex: :msgpax, repo: "hexpm", optional: false]}], "hexpm", "6dff6525d49d84173ce20b4cba2457b2289e83bcc2be19c2aa761dbe9f631033"},
  "input_event": {:hex, :input_event, "0.4.3", "ea1c6c81fd245f617858294ce106bf4b9c35822eaa94793ffa104cc0ae1bd323", [:make, :mix], [{:elixir_make, "~> 0.6", [hex: :elixir_make, repo: "hexpm", optional: false]}], "hexpm", "818bd6b20d3a6ccac868074138eae5dbae17baf2f7711b2852253d6461ad80db"},
  "mdns": {:hex, :mdns, "1.0.12", "b5437fb940dea64c867832dd99255da981a4b98404e586e53cc332a973c209f1", [:mix], [{:dns, "~> 2.2", [hex: :dns, repo: "hexpm", optional: false]}], "hexpm", "643c9d1ca6f408a7eb13cf693719814c93d18f4ec96f97bc23d25aa28f4d95fa"},
  "micro_timer": {:hex, :micro_timer, "0.1.1", "0823171a318c124e5ae55d40ad1c79e165c128730b176c12f59ecf034156cb41", [:mix], [], "hexpm", "b37d279365fa39b45fceb5e02bcc1fc3b9d062d5c34e9c7877385c2f59d1ce92"},
  "midi_synth": {:hex, :midi_synth, "0.4.1", "99baaee70a8f007220423ba90b29c00c78e566ab63318b24bfbb7c582743a084", [:make, :mix], [{:elixir_make, "~> 0.6", [hex: :elixir_make, repo: "hexpm", optional: false]}], "hexpm", "6be2e7e78bf7c0149d19a973619c6d829c275569d65c82b21582d184b00bdb8a"},
  "msgpax": {:hex, :msgpax, "2.3.0", "14f52ad249a3f77b5e2d59f6143e6c18a6e74f34666989e22bac0a465f9835cc", [:mix], [{:plug, "~> 1.0", [hex: :plug, repo: "hexpm", optional: true]}], "hexpm", "65c36846a62ed5615baf7d7d47babb6541313a6c0b6d2ff19354bd518f52df7e"},
  "muontrap": {:hex, :muontrap, "0.6.1", "fa11dc9152470c4d0ce5a5fcb6524d8c1edc9bf6d63b3f6a89096f1e751ae271", [:make, :mix], [{:elixir_make, "~> 0.6", [hex: :elixir_make, repo: "hexpm", optional: false]}], "hexpm", "86d1ef2fa0a30435a1d595e96f631ad4a24a931d8d855688e012fadd7147bd1d"},
  "nerves": {:hex, :nerves, "1.7.11", "67820b7055b541ce20f7bce40672a06268673ba8c47576a76e703d537a136a74", [:make, :mix], [{:elixir_make, "~> 0.6", [hex: :elixir_make, repo: "hexpm", optional: false]}, {:jason, "~> 1.2", [hex: :jason, repo: "hexpm", optional: true]}], "hexpm", "79535d00928c81a93ea5311497b00f0ca7bc0a8aa405134d16597a02b2616e89"},
  "nerves_firmware_ssh": {:hex, :nerves_firmware_ssh, "0.4.6", "6f46f3af9698aa3683c7b98d444771efbce357b42d81de44e1076d99ccac8778", [:mix], [{:nerves_runtime, "~> 0.6", [hex: :nerves_runtime, repo: "hexpm", optional: false]}], "hexpm", "6c2be4c832160bcb90ade8e0d056d9d18d42306545cee3c52b25cb9865abcab5"},
  "nerves_init_gadget": {:hex, :nerves_init_gadget, "0.7.0", "7402b190a7354fc4df53e707e1a8e421352ac6c3dba4262273d1f1a55bbb019b", [:mix], [{:mdns, "~> 1.0", [hex: :mdns, repo: "hexpm", optional: false]}, {:nerves_firmware_ssh, "~> 0.2", [hex: :nerves_firmware_ssh, repo: "hexpm", optional: false]}, {:nerves_network, "~> 0.3", [hex: :nerves_network, repo: "hexpm", optional: false]}, {:nerves_runtime, "~> 0.3", [hex: :nerves_runtime, repo: "hexpm", optional: false]}, {:nerves_time, "~> 0.2", [hex: :nerves_time, repo: "hexpm", optional: false]}, {:one_dhcpd, "~> 0.1", [hex: :one_dhcpd, repo: "hexpm", optional: false]}, {:ring_logger, "~> 0.4", [hex: :ring_logger, repo: "hexpm", optional: false]}], "hexpm", "989df1fd939545ae3f1a7185d7447273f7700b0a0bc204fbb1b18e03e6d38ad3"},
  "nerves_network": {:hex, :nerves_network, "0.5.5", "4690c362707f76c4072810bd9639b2ae8eb7dd9c21119656308b462a087230aa", [:make, :mix], [{:elixir_make, "~> 0.5", [hex: :elixir_make, repo: "hexpm", optional: false]}, {:nerves_network_interface, "~> 0.4.4", [hex: :nerves_network_interface, repo: "hexpm", optional: false]}, {:nerves_wpa_supplicant, "~> 0.5", [hex: :nerves_wpa_supplicant, repo: "hexpm", optional: false]}, {:one_dhcpd, "~> 0.2.0", [hex: :one_dhcpd, repo: "hexpm", optional: false]}, {:system_registry, "~> 0.7", [hex: :system_registry, repo: "hexpm", optional: false]}], "hexpm", "5e63529c6e128d147f5a6df82bd7daffd211057b8ac0c8ba625939a7fde9ccff"},
  "nerves_network_interface": {:hex, :nerves_network_interface, "0.4.6", "d50e57daca8154f0f780fd98eb5ae94a005579e0d72d69840e80e228375d88ad", [:make, :mix], [{:elixir_make, "~> 0.5", [hex: :elixir_make, repo: "hexpm", optional: false]}], "hexpm", "94eb89db67ceb17a7f3465d55c05b00e8d8cf10aa812556745ce0c06868768d3"},
  "nerves_runtime": {:hex, :nerves_runtime, "0.11.7", "eb4af57fbae6705d8edf7764173d860aa136d8df1b123f235b0754859e43c1c1", [:make, :mix], [{:elixir_make, "~> 0.6", [hex: :elixir_make, repo: "hexpm", optional: false]}, {:system_registry, "~> 0.8.0", [hex: :system_registry, repo: "hexpm", optional: false]}, {:uboot_env, "~> 0.1.1 or ~> 0.2.0 or ~> 0.3.0", [hex: :uboot_env, repo: "hexpm", optional: false]}], "hexpm", "68a6f93f4c73b05c0a7dccb6cb6e7624aad3fcbd4a6dfbe27233a1fef572ab65"},
  "nerves_system_br": {:hex, :nerves_system_br, "1.16.4", "daff9a84165b9f4971a42d2ab4f92c30332bacc2a65dd28e7e62417a41af9264", [:mix], [], "hexpm", "c057407098bd50d2e1196984816490229a6fdc506c3824559e8a1a5531b18cf3"},
  "nerves_system_rpi3_fluidsynth": {:hex, :nerves_system_rpi3_fluidsynth, "1.16.2", "e199de3890babab4bbd60ba362c3818107afaa340f4127dcbfc9be280f9eb6f0", [:mix], [{:nerves, "~> 1.5.4 or ~> 1.6.0 or ~> 1.7.4", [hex: :nerves, repo: "hexpm", optional: false]}, {:nerves_system_br, "1.16.4", [hex: :nerves_system_br, repo: "hexpm", optional: false]}, {:nerves_toolchain_armv7_nerves_linux_gnueabihf, "~> 1.4.3", [hex: :nerves_toolchain_armv7_nerves_linux_gnueabihf, repo: "hexpm", optional: false]}], "hexpm", "65557f5d86b9fc762c080d9326bc14ce96beb4880acd995aeafa73211c2ac9af"},
  "nerves_time": {:hex, :nerves_time, "0.4.3", "c936ddf7f1f9eb890c8dfcf116f5ac665780351704066282bed15fe6d2cf9b1b", [:make, :mix], [{:elixir_make, "~> 0.6", [hex: :elixir_make, repo: "hexpm", optional: false]}, {:muontrap, "~> 0.5", [hex: :muontrap, repo: "hexpm", optional: false]}], "hexpm", "a8a7d6e129e90ce35296d0e3522580335da8a0413790ad27c33bcea0cb63c4e5"},
  "nerves_toolchain_armv7_nerves_linux_gnueabihf": {:hex, :nerves_toolchain_armv7_nerves_linux_gnueabihf, "1.4.3", "ff5b8fed2a71daea7ac07a5a0a6ecec7a4985d2a617a89ab073591d441d9cda4", [:mix], [{:nerves, "~> 1.0", [hex: :nerves, repo: "hexpm", optional: false]}, {:nerves_toolchain_ctng, "~> 1.8.4", [hex: :nerves_toolchain_ctng, repo: "hexpm", optional: false]}], "hexpm", "ffefca61b7282a5a10032e61b6dab6758d24eee732c5d8c16fe6aada52dd099a"},
  "nerves_toolchain_ctng": {:hex, :nerves_toolchain_ctng, "1.8.4", "2f6b4153e3904502d117f9d957c12eaafd490e1d2bdf20a85328ada46a1350da", [:mix], [{:nerves, "~> 1.0", [hex: :nerves, repo: "hexpm", optional: false]}], "hexpm", "6194be9b1364fdc1db6b2a0e98fa8dcb94fe1af373dcf8149298d62ce9b1b369"},
  "nerves_wpa_supplicant": {:hex, :nerves_wpa_supplicant, "0.5.2", "4ec392fc08faf35f50d1070446c2e5019f6b85bd53f5716f904e3f75716d9596", [:make, :mix], [{:elixir_make, "~> 0.5", [hex: :elixir_make, repo: "hexpm", optional: false]}], "hexpm", "c286ed5397fa185ab986226596eeb72d8f5f9f1b1156103418193f85905da713"},
  "one_dhcpd": {:hex, :one_dhcpd, "0.2.5", "ecec86e567839bde69717abb24c1ae5c74fcdc71beccfce541a0c3149aa980a4", [:make, :mix], [{:elixir_make, "~> 0.6", [hex: :elixir_make, repo: "hexpm", optional: false]}], "hexpm", "4d59693a9998c7dfd6d9f06c556ff23c73c817832f812205a6f09d38250b6dfa"},
  "ring_logger": {:hex, :ring_logger, "0.8.2", "78e0ffbf89b3f5b3c58f8660cb6b6fe2ca7ed5f56dc64e993119189d629c278c", [:mix], [{:circular_buffer, "~> 0.4.0", [hex: :circular_buffer, repo: "hexpm", optional: false]}], "hexpm", "864c8982bfcdc17b7501d00cc2bcede6727ebf95cbeba30e70c795d03f9138c1"},
  "scenic": {:hex, :scenic, "0.10.5", "9f4d72601bbd97c5e77b80e142b29f56edbfec20ad102d2e1b4fab8536559e9c", [:make, :mix], [{:elixir_make, "~> 0.6.2", [hex: :elixir_make, repo: "hexpm", optional: false]}, {:font_metrics, "~> 0.3.0", [hex: :font_metrics, repo: "hexpm", optional: false]}], "hexpm", "2432d87ecdfbd15c03fbbad0aca9cb303e88821abc0406c48ed763f282a66131"},
  "scenic_driver_glfw": {:hex, :scenic_driver_glfw, "0.10.1", "df7a11bc1d23415dd48c7796a70a6ad98b9cf77554078d79115d6c6e58b87eda", [:make, :mix], [{:elixir_make, "~> 0.6", [hex: :elixir_make, repo: "hexpm", optional: false]}, {:scenic, "~> 0.10", [hex: :scenic, repo: "hexpm", optional: false]}], "hexpm", "d2f2ef0a1d099a6e1904616c0a95ff0fc554342cf7936e6bb73c2d7027e7557e"},
  "scenic_driver_nerves_rpi": {:hex, :scenic_driver_nerves_rpi, "0.10.1", "1479d24b9e91e989eef28d6bc6be6cb864e7a60cfb831bef53ead6a37b1502ac", [:make, :mix], [{:elixir_make, "~> 0.6", [hex: :elixir_make, repo: "hexpm", optional: false]}, {:scenic, "~> 0.10", [hex: :scenic, repo: "hexpm", optional: false]}], "hexpm", "4a3995b3eb4a246fa9e1f282b56885a1f2bc41a6bf57bd98ce10437365f6fa35"},
  "scenic_driver_nerves_touch": {:hex, :scenic_driver_nerves_touch, "0.10.0", "853c51ef9f7a86d40fed549e868e0bb66019969eb91d53d72b44bb95b0c8ef97", [:mix], [{:input_event, "~> 0.4", [hex: :input_event, repo: "hexpm", optional: false]}, {:scenic, "~> 0.10", [hex: :scenic, repo: "hexpm", optional: false]}], "hexpm", "80e6949951086852d53dd7cf94436d99d4bc981ef7a6655b660b0d52020d2d95"},
  "scenic_sensor": {:hex, :scenic_sensor, "0.7.0", "a12aed7596fbab025a535f912325da5a087ff704e96f7acb274c3034d832f9ce", [:mix], [], "hexpm", "424b0663b7b2e2ea309231e384f321e35b1a693397f8b49913330405d36ab558"},
  "shoehorn": {:hex, :shoehorn, "0.7.0", "fc23870fb6b470f5c520fee692637b120a36e163842ab497bbec7e8a1aa6cfe3", [:mix], [], "hexpm", "eeb317ac677b228906039ccf532a582ad9f6d31d7958c98f5c853fe0459e0243"},
  "socket": {:hex, :socket, "0.3.13", "98a2ab20ce17f95fb512c5cadddba32b57273e0d2dba2d2e5f976c5969d0c632", [:mix], [], "hexpm", "f82ea9833ef49dde272e6568ab8aac657a636acb4cf44a7de8a935acb8957c2e"},
  "system_registry": {:hex, :system_registry, "0.8.2", "df791dc276652fcfb53be4dab823e05f8269b96ac57c26f86a67838dbc0eefe7", [:mix], [], "hexpm", "f7acdede22c73ab0b3735eead7f2095efb2a7a6198366564205274db2ca2a8f8"},
  "toolshed": {:hex, :toolshed, "0.2.24", "9df521cd565fd921dbfcd9668f4a1378efeb33a834743a287f4a7f9c9f01baa0", [:mix], [{:nerves_runtime, "~> 0.8", [hex: :nerves_runtime, repo: "hexpm", optional: true]}], "hexpm", "c80de2c3a2ddeada0f709938607a1d3a136242168ea6638a12cf09445c8cf2f6"},
  "uboot_env": {:hex, :uboot_env, "0.3.0", "8afbcc8e5b65e5d0d5660ded2f5835a959d2326fa8683183f380cd6464e75174", [:mix], [], "hexpm", "d8fe5d2b4d52a14398ace02bd604ff7a0fa8960550bb7254f75dcbd438ddc6a1"},
}
